
Microsoft Visual Studio Solution File, Format Version 12.00
# Visual Studio Version 16
VisualStudioVersion = 16.0.30503.244
MinimumVisualStudioVersion = 10.0.40219.1
Project("{FAE04EC0-301F-11D3-BF4B-00C04F79EFBC}") = "EPI_6_2", "EPI_6_2\EPI_6_2.csproj", "{40801CC6-146D-4EB4-91D5-6D613A1822A9}"
EndProject
Project("{FAE04EC0-301F-11D3-BF4B-00C04F79EFBC}") = "UT_EPI_6_2", "UT_EPI_6_2\UT_EPI_6_2.csproj", "{A8961C81-80A9-441F-9173-090A17D99331}"
EndProject
Global
	GlobalSection(SolutionConfigurationPlatforms) = preSolution
		Debug|Any CPU = Debug|Any CPU
		Release|Any CPU = Release|Any CPU
	EndGlobalSection
	GlobalSection(ProjectConfigurationPlatforms) = postSolution
		{40801CC6-146D-4EB4-91D5-6D613A1822A9}.Debug|Any CPU.ActiveCfg = Debug|Any CPU
		{40801CC6-146D-4EB4-91D5-6D613A1822A9}.Debug|Any CPU.Build.0 = Debug|Any CPU
		{40801CC6-146D-4EB4-91D5-6D613A1822A9}.Release|Any CPU.ActiveCfg = Release|Any CPU
		{40801CC6-146D-4EB4-91D5-6D613A1822A9}.Release|Any CPU.Build.0 = Release|Any CPU
		{A8961C81-80A9-441F-9173-090A17D99331}.Debug|Any CPU.ActiveCfg = Debug|Any CPU
		{A8961C81-80A9-441F-9173-090A17D99331}.Debug|Any CPU.Build.0 = Debug|Any CPU
		{A8961C81-80A9-441F-9173-090A17D99331}.Release|Any CPU.ActiveCfg = Release|Any CPU
		{A8961C81-80A9-441F-9173-090A17D99331}.Release|Any CPU.Build.0 = Release|Any CPU
	EndGlobalSection
	GlobalSection(SolutionProperties) = preSolution
		HideSolutionNode = FALSE
	EndGlobalSection
	GlobalSection(ExtensibilityGlobals) = postSolution
		SolutionGuid = {FB85B12E-1D81-4082-844C-D70E3C0238EA}
	EndGlobalSection
EndGlobal
