
Microsoft Visual Studio Solution File, Format Version 12.00
# Visual Studio Version 16
VisualStudioVersion = 16.0.30503.244
MinimumVisualStudioVersion = 10.0.40219.1
Project("{FAE04EC0-301F-11D3-BF4B-00C04F79EFBC}") = "DialPadWordSuggestion", "DialPadWordSuggestion\DialPadWordSuggestion.csproj", "{36285BBD-B349-4CA2-A979-212CBBC36B0B}"
EndProject
Project("{FAE04EC0-301F-11D3-BF4B-00C04F79EFBC}") = "UnitTests", "UnitTests\UnitTests.csproj", "{2F1EC0C9-A3CF-4382-8BC7-EDD6972AD567}"
EndProject
Global
	GlobalSection(SolutionConfigurationPlatforms) = preSolution
		Debug|Any CPU = Debug|Any CPU
		Release|Any CPU = Release|Any CPU
	EndGlobalSection
	GlobalSection(ProjectConfigurationPlatforms) = postSolution
		{36285BBD-B349-4CA2-A979-212CBBC36B0B}.Debug|Any CPU.ActiveCfg = Debug|Any CPU
		{36285BBD-B349-4CA2-A979-212CBBC36B0B}.Debug|Any CPU.Build.0 = Debug|Any CPU
		{36285BBD-B349-4CA2-A979-212CBBC36B0B}.Release|Any CPU.ActiveCfg = Release|Any CPU
		{36285BBD-B349-4CA2-A979-212CBBC36B0B}.Release|Any CPU.Build.0 = Release|Any CPU
		{2F1EC0C9-A3CF-4382-8BC7-EDD6972AD567}.Debug|Any CPU.ActiveCfg = Debug|Any CPU
		{2F1EC0C9-A3CF-4382-8BC7-EDD6972AD567}.Debug|Any CPU.Build.0 = Debug|Any CPU
		{2F1EC0C9-A3CF-4382-8BC7-EDD6972AD567}.Release|Any CPU.ActiveCfg = Release|Any CPU
		{2F1EC0C9-A3CF-4382-8BC7-EDD6972AD567}.Release|Any CPU.Build.0 = Release|Any CPU
	EndGlobalSection
	GlobalSection(SolutionProperties) = preSolution
		HideSolutionNode = FALSE
	EndGlobalSection
	GlobalSection(ExtensibilityGlobals) = postSolution
		SolutionGuid = {B1B3EFDB-4E88-4680-AF07-AFEBE60EFA53}
	EndGlobalSection
EndGlobal
